// !$*UTF8*$!
{
	archiveVersion = 1;
	classes = {
	};
	objectVersion = 50;
	objects = {

/* Begin PBXBuildFile section */
		3424B14C2660E60F00D68608 /* CoreDataStack.swift in Sources */ = {isa = PBXBuildFile; fileRef = 3424B14B2660E60F00D68608 /* CoreDataStack.swift */; };
		346ED9342660E8FD00EA1D8B /* PlayerService.swift in Sources */ = {isa = PBXBuildFile; fileRef = 346ED9332660E8FD00EA1D8B /* PlayerService.swift */; };
		34707BF1265FE9C900F8EA86 /* TeamListViewModel.swift in Sources */ = {isa = PBXBuildFile; fileRef = 34707BF0265FE9C900F8EA86 /* TeamListViewModel.swift */; };
		34707BF7265FEA6F00F8EA86 /* RemoteDataSource.swift in Sources */ = {isa = PBXBuildFile; fileRef = 34707BF6265FEA6F00F8EA86 /* RemoteDataSource.swift */; };
		34707C00265FEA8B00F8EA86 /* HTTPMethodEnum.swift in Sources */ = {isa = PBXBuildFile; fileRef = 34707BFF265FEA8B00F8EA86 /* HTTPMethodEnum.swift */; };
		34707C0B265FF31F00F8EA86 /* NBAPlayers.xcdatamodeld in Sources */ = {isa = PBXBuildFile; fileRef = 34707C09265FF31F00F8EA86 /* NBAPlayers.xcdatamodeld */; };
		34822624265FE60A0081284B /* AppDelegate.swift in Sources */ = {isa = PBXBuildFile; fileRef = 34822623265FE60A0081284B /* AppDelegate.swift */; };
		34822626265FE60A0081284B /* SceneDelegate.swift in Sources */ = {isa = PBXBuildFile; fileRef = 34822625265FE60A0081284B /* SceneDelegate.swift */; };
		34822628265FE60A0081284B /* ViewController.swift in Sources */ = {isa = PBXBuildFile; fileRef = 34822627265FE60A0081284B /* ViewController.swift */; };
		3482262B265FE60A0081284B /* Main.storyboard in Resources */ = {isa = PBXBuildFile; fileRef = 34822629265FE60A0081284B /* Main.storyboard */; };
		3482262D265FE60B0081284B /* Assets.xcassets in Resources */ = {isa = PBXBuildFile; fileRef = 3482262C265FE60B0081284B /* Assets.xcassets */; };
		34822630265FE60B0081284B /* LaunchScreen.storyboard in Resources */ = {isa = PBXBuildFile; fileRef = 3482262E265FE60B0081284B /* LaunchScreen.storyboard */; };
		3482263B265FE60C0081284B /* TeamListViewModelTests.swift in Sources */ = {isa = PBXBuildFile; fileRef = 3482263A265FE60C0081284B /* TeamListViewModelTests.swift */; };
		34822646265FE60C0081284B /* NBA_appUITests.swift in Sources */ = {isa = PBXBuildFile; fileRef = 34822645265FE60C0081284B /* NBA_appUITests.swift */; };
		34A75C6B265FF5F600B321A6 /* PlayersJSONResponse.swift in Sources */ = {isa = PBXBuildFile; fileRef = 34A75C6A265FF5F600B321A6 /* PlayersJSONResponse.swift */; };
		34A75C70265FF61C00B321A6 /* PlayersData.swift in Sources */ = {isa = PBXBuildFile; fileRef = 34A75C6F265FF61C00B321A6 /* PlayersData.swift */; };
		34A75C7C265FF84000B321A6 /* OnboardingRepository.swift in Sources */ = {isa = PBXBuildFile; fileRef = 34A75C7B265FF84000B321A6 /* OnboardingRepository.swift */; };
		34A75C81265FF84F00B321A6 /* OnboardingRepositoryImpl.swift in Sources */ = {isa = PBXBuildFile; fileRef = 34A75C80265FF84F00B321A6 /* OnboardingRepositoryImpl.swift */; };
		34A75C89265FF86A00B321A6 /* OnboardingViewModel.swift in Sources */ = {isa = PBXBuildFile; fileRef = 34A75C88265FF86A00B321A6 /* OnboardingViewModel.swift */; };
		34A75C98265FFC4900B321A6 /* PlayerListViewController.swift in Sources */ = {isa = PBXBuildFile; fileRef = 34A75C97265FFC4900B321A6 /* PlayerListViewController.swift */; };
		34A75C9D265FFC8000B321A6 /* PlayerList.storyboard in Resources */ = {isa = PBXBuildFile; fileRef = 34A75C9C265FFC8000B321A6 /* PlayerList.storyboard */; };
		34A75CAD2660118900B321A6 /* MarginManager.swift in Sources */ = {isa = PBXBuildFile; fileRef = 34A75CAC2660118900B321A6 /* MarginManager.swift */; };
		34A75CB5266011A000B321A6 /* UITableViewExtensions.swift in Sources */ = {isa = PBXBuildFile; fileRef = 34A75CB4266011A000B321A6 /* UITableViewExtensions.swift */; };
		34A75CBB2660127600B321A6 /* TeamListViewController.swift in Sources */ = {isa = PBXBuildFile; fileRef = 34A75CBA2660127600B321A6 /* TeamListViewController.swift */; };
		34A75CC3266012BB00B321A6 /* TeamList.storyboard in Resources */ = {isa = PBXBuildFile; fileRef = 34A75CC2266012BB00B321A6 /* TeamList.storyboard */; };
		34A75CC8266012EC00B321A6 /* PlayerListViewModel.swift in Sources */ = {isa = PBXBuildFile; fileRef = 34A75CC7266012EC00B321A6 /* PlayerListViewModel.swift */; };
		34A75CCD2660132600B321A6 /* TeamListVC+TableViewDelegate.swift in Sources */ = {isa = PBXBuildFile; fileRef = 34A75CCC2660132600B321A6 /* TeamListVC+TableViewDelegate.swift */; };
		34C90E52266014140013A7ED /* TeamStatusEnum.swift in Sources */ = {isa = PBXBuildFile; fileRef = 34C90E51266014140013A7ED /* TeamStatusEnum.swift */; };
		34C90E5B266014770013A7ED /* EmptyTeamsTableViewCell.swift in Sources */ = {isa = PBXBuildFile; fileRef = 34C90E59266014770013A7ED /* EmptyTeamsTableViewCell.swift */; };
		34C90E5C266014770013A7ED /* EmptyTeamsTableViewCell.xib in Resources */ = {isa = PBXBuildFile; fileRef = 34C90E5A266014770013A7ED /* EmptyTeamsTableViewCell.xib */; };
		34C90E622660149E0013A7ED /* LoadingTeamsTableViewCell.swift in Sources */ = {isa = PBXBuildFile; fileRef = 34C90E602660149E0013A7ED /* LoadingTeamsTableViewCell.swift */; };
		34C90E632660149E0013A7ED /* LoadingTeamsTableViewCell.xib in Resources */ = {isa = PBXBuildFile; fileRef = 34C90E612660149E0013A7ED /* LoadingTeamsTableViewCell.xib */; };
		34C90E69266014BA0013A7ED /* TeamTableViewCell.swift in Sources */ = {isa = PBXBuildFile; fileRef = 34C90E67266014BA0013A7ED /* TeamTableViewCell.swift */; };
		34C90E6A266014BA0013A7ED /* TeamTableViewCell.xib in Resources */ = {isa = PBXBuildFile; fileRef = 34C90E68266014BA0013A7ED /* TeamTableViewCell.xib */; };
		34C90E6F2660237D0013A7ED /* TeamRepository.swift in Sources */ = {isa = PBXBuildFile; fileRef = 34C90E6E2660237D0013A7ED /* TeamRepository.swift */; };
		34C90E74266023880013A7ED /* TeamRepositoryImpl.swift in Sources */ = {isa = PBXBuildFile; fileRef = 34C90E73266023880013A7ED /* TeamRepositoryImpl.swift */; };
		34C90E792660244F0013A7ED /* TeamJSONResponse.swift in Sources */ = {isa = PBXBuildFile; fileRef = 34C90E782660244F0013A7ED /* TeamJSONResponse.swift */; };
		34C90E7E266024840013A7ED /* TeamData.swift in Sources */ = {isa = PBXBuildFile; fileRef = 34C90E7D266024840013A7ED /* TeamData.swift */; };
		34C90E832660254F0013A7ED /* ErrorExtensions.swift in Sources */ = {isa = PBXBuildFile; fileRef = 34C90E822660254F0013A7ED /* ErrorExtensions.swift */; };
		34C90E882660255D0013A7ED /* ErrorStructure.swift in Sources */ = {isa = PBXBuildFile; fileRef = 34C90E872660255D0013A7ED /* ErrorStructure.swift */; };
		34C90E8D266039200013A7ED /* UIColorExtensions.swift in Sources */ = {isa = PBXBuildFile; fileRef = 34C90E8C266039200013A7ED /* UIColorExtensions.swift */; };
		34C90E92266039570013A7ED /* Color.xcassets in Resources */ = {isa = PBXBuildFile; fileRef = 34C90E91266039570013A7ED /* Color.xcassets */; };
		34C90EB226603BD40013A7ED /* Localizable.strings in Resources */ = {isa = PBXBuildFile; fileRef = 34C90EB426603BD40013A7ED /* Localizable.strings */; };
		34C90EBD26603D460013A7ED /* StringExtensions.swift in Sources */ = {isa = PBXBuildFile; fileRef = 34C90EBC26603D460013A7ED /* StringExtensions.swift */; };
		34C90EC526603EA70013A7ED /* TeamListVC+SearchResultUpdating.swift in Sources */ = {isa = PBXBuildFile; fileRef = 34C90EC426603EA70013A7ED /* TeamListVC+SearchResultUpdating.swift */; };
		34E0182E2661301100B9F1EA /* PlayerDetailViewController.swift in Sources */ = {isa = PBXBuildFile; fileRef = 34E0182D2661301100B9F1EA /* PlayerDetailViewController.swift */; };
		34E018362661301C00B9F1EA /* InteractiveModalPresentationController.swift in Sources */ = {isa = PBXBuildFile; fileRef = 34E018352661301C00B9F1EA /* InteractiveModalPresentationController.swift */; };
		34E0183B2661302E00B9F1EA /* InteractiveModalTransitioningDelegate.swift in Sources */ = {isa = PBXBuildFile; fileRef = 34E0183A2661302E00B9F1EA /* InteractiveModalTransitioningDelegate.swift */; };
		34E018402661305D00B9F1EA /* ModalScaleState.swift in Sources */ = {isa = PBXBuildFile; fileRef = 34E0183F2661305D00B9F1EA /* ModalScaleState.swift */; };
		34E0184D266130C900B9F1EA /* PlayerDetailViewController.xib in Resources */ = {isa = PBXBuildFile; fileRef = 34E0184C266130C900B9F1EA /* PlayerDetailViewController.xib */; };
		34E01855266142DC00B9F1EA /* PlayerListVC+NSFetchedResults.swift in Sources */ = {isa = PBXBuildFile; fileRef = 34E01854266142DC00B9F1EA /* PlayerListVC+NSFetchedResults.swift */; };
		34E0185A2661430F00B9F1EA /* PlayerListVC+TableViewDelegate.swift in Sources */ = {isa = PBXBuildFile; fileRef = 34E018592661430F00B9F1EA /* PlayerListVC+TableViewDelegate.swift */; };
		34E0186D266146BD00B9F1EA /* FakeTeamRepository.swift in Sources */ = {isa = PBXBuildFile; fileRef = 34E0186C266146BD00B9F1EA /* FakeTeamRepository.swift */; };
		34E01875266146D700B9F1EA /* DataFactory.swift in Sources */ = {isa = PBXBuildFile; fileRef = 34E01874266146D700B9F1EA /* DataFactory.swift */; };
/* End PBXBuildFile section */

/* Begin PBXContainerItemProxy section */
		34822637265FE60C0081284B /* PBXContainerItemProxy */ = {
			isa = PBXContainerItemProxy;
			containerPortal = 34822618265FE60A0081284B /* Project object */;
			proxyType = 1;
			remoteGlobalIDString = 3482261F265FE60A0081284B;
			remoteInfo = "NBA-app";
		};
		34822642265FE60C0081284B /* PBXContainerItemProxy */ = {
			isa = PBXContainerItemProxy;
			containerPortal = 34822618265FE60A0081284B /* Project object */;
			proxyType = 1;
			remoteGlobalIDString = 3482261F265FE60A0081284B;
			remoteInfo = "NBA-app";
		};
/* End PBXContainerItemProxy section */

/* Begin PBXFileReference section */
		3424B14B2660E60F00D68608 /* CoreDataStack.swift */ = {isa = PBXFileReference; lastKnownFileType = sourcecode.swift; path = CoreDataStack.swift; sourceTree = "<group>"; };
		346ED9332660E8FD00EA1D8B /* PlayerService.swift */ = {isa = PBXFileReference; lastKnownFileType = sourcecode.swift; path = PlayerService.swift; sourceTree = "<group>"; };
		34707BF0265FE9C900F8EA86 /* TeamListViewModel.swift */ = {isa = PBXFileReference; lastKnownFileType = sourcecode.swift; path = TeamListViewModel.swift; sourceTree = "<group>"; };
		34707BF6265FEA6F00F8EA86 /* RemoteDataSource.swift */ = {isa = PBXFileReference; lastKnownFileType = sourcecode.swift; path = RemoteDataSource.swift; sourceTree = "<group>"; };
		34707BFF265FEA8B00F8EA86 /* HTTPMethodEnum.swift */ = {isa = PBXFileReference; lastKnownFileType = sourcecode.swift; path = HTTPMethodEnum.swift; sourceTree = "<group>"; };
		34707C0A265FF31F00F8EA86 /* NBAPlayers.xcdatamodel */ = {isa = PBXFileReference; lastKnownFileType = wrapper.xcdatamodel; path = NBAPlayers.xcdatamodel; sourceTree = "<group>"; };
		34822620265FE60A0081284B /* NBA-app.app */ = {isa = PBXFileReference; explicitFileType = wrapper.application; includeInIndex = 0; path = "NBA-app.app"; sourceTree = BUILT_PRODUCTS_DIR; };
		34822623265FE60A0081284B /* AppDelegate.swift */ = {isa = PBXFileReference; lastKnownFileType = sourcecode.swift; path = AppDelegate.swift; sourceTree = "<group>"; };
		34822625265FE60A0081284B /* SceneDelegate.swift */ = {isa = PBXFileReference; lastKnownFileType = sourcecode.swift; path = SceneDelegate.swift; sourceTree = "<group>"; };
		34822627265FE60A0081284B /* ViewController.swift */ = {isa = PBXFileReference; lastKnownFileType = sourcecode.swift; path = ViewController.swift; sourceTree = "<group>"; };
		3482262A265FE60A0081284B /* Base */ = {isa = PBXFileReference; lastKnownFileType = file.storyboard; name = Base; path = Base.lproj/Main.storyboard; sourceTree = "<group>"; };
		3482262C265FE60B0081284B /* Assets.xcassets */ = {isa = PBXFileReference; lastKnownFileType = folder.assetcatalog; path = Assets.xcassets; sourceTree = "<group>"; };
		3482262F265FE60B0081284B /* Base */ = {isa = PBXFileReference; lastKnownFileType = file.storyboard; name = Base; path = Base.lproj/LaunchScreen.storyboard; sourceTree = "<group>"; };
		34822631265FE60B0081284B /* Info.plist */ = {isa = PBXFileReference; lastKnownFileType = text.plist.xml; path = Info.plist; sourceTree = "<group>"; };
		34822636265FE60C0081284B /* NBA-appTests.xctest */ = {isa = PBXFileReference; explicitFileType = wrapper.cfbundle; includeInIndex = 0; path = "NBA-appTests.xctest"; sourceTree = BUILT_PRODUCTS_DIR; };
		3482263A265FE60C0081284B /* TeamListViewModelTests.swift */ = {isa = PBXFileReference; lastKnownFileType = sourcecode.swift; path = TeamListViewModelTests.swift; sourceTree = "<group>"; };
		3482263C265FE60C0081284B /* Info.plist */ = {isa = PBXFileReference; lastKnownFileType = text.plist.xml; path = Info.plist; sourceTree = "<group>"; };
		34822641265FE60C0081284B /* NBA-appUITests.xctest */ = {isa = PBXFileReference; explicitFileType = wrapper.cfbundle; includeInIndex = 0; path = "NBA-appUITests.xctest"; sourceTree = BUILT_PRODUCTS_DIR; };
		34822645265FE60C0081284B /* NBA_appUITests.swift */ = {isa = PBXFileReference; lastKnownFileType = sourcecode.swift; path = NBA_appUITests.swift; sourceTree = "<group>"; };
		34822647265FE60C0081284B /* Info.plist */ = {isa = PBXFileReference; lastKnownFileType = text.plist.xml; path = Info.plist; sourceTree = "<group>"; };
		34A75C6A265FF5F600B321A6 /* PlayersJSONResponse.swift */ = {isa = PBXFileReference; lastKnownFileType = sourcecode.swift; path = PlayersJSONResponse.swift; sourceTree = "<group>"; };
		34A75C6F265FF61C00B321A6 /* PlayersData.swift */ = {isa = PBXFileReference; lastKnownFileType = sourcecode.swift; path = PlayersData.swift; sourceTree = "<group>"; };
		34A75C7B265FF84000B321A6 /* OnboardingRepository.swift */ = {isa = PBXFileReference; lastKnownFileType = sourcecode.swift; path = OnboardingRepository.swift; sourceTree = "<group>"; };
		34A75C80265FF84F00B321A6 /* OnboardingRepositoryImpl.swift */ = {isa = PBXFileReference; lastKnownFileType = sourcecode.swift; path = OnboardingRepositoryImpl.swift; sourceTree = "<group>"; };
		34A75C88265FF86A00B321A6 /* OnboardingViewModel.swift */ = {isa = PBXFileReference; lastKnownFileType = sourcecode.swift; path = OnboardingViewModel.swift; sourceTree = "<group>"; };
		34A75C97265FFC4900B321A6 /* PlayerListViewController.swift */ = {isa = PBXFileReference; lastKnownFileType = sourcecode.swift; path = PlayerListViewController.swift; sourceTree = "<group>"; };
		34A75C9C265FFC8000B321A6 /* PlayerList.storyboard */ = {isa = PBXFileReference; lastKnownFileType = file.storyboard; path = PlayerList.storyboard; sourceTree = "<group>"; };
		34A75CAC2660118900B321A6 /* MarginManager.swift */ = {isa = PBXFileReference; lastKnownFileType = sourcecode.swift; path = MarginManager.swift; sourceTree = "<group>"; };
		34A75CB4266011A000B321A6 /* UITableViewExtensions.swift */ = {isa = PBXFileReference; lastKnownFileType = sourcecode.swift; path = UITableViewExtensions.swift; sourceTree = "<group>"; };
		34A75CBA2660127600B321A6 /* TeamListViewController.swift */ = {isa = PBXFileReference; lastKnownFileType = sourcecode.swift; path = TeamListViewController.swift; sourceTree = "<group>"; };
		34A75CC2266012BB00B321A6 /* TeamList.storyboard */ = {isa = PBXFileReference; lastKnownFileType = file.storyboard; path = TeamList.storyboard; sourceTree = "<group>"; };
		34A75CC7266012EC00B321A6 /* PlayerListViewModel.swift */ = {isa = PBXFileReference; lastKnownFileType = sourcecode.swift; path = PlayerListViewModel.swift; sourceTree = "<group>"; };
		34A75CCC2660132600B321A6 /* TeamListVC+TableViewDelegate.swift */ = {isa = PBXFileReference; lastKnownFileType = sourcecode.swift; path = "TeamListVC+TableViewDelegate.swift"; sourceTree = "<group>"; };
		34C90E51266014140013A7ED /* TeamStatusEnum.swift */ = {isa = PBXFileReference; lastKnownFileType = sourcecode.swift; path = TeamStatusEnum.swift; sourceTree = "<group>"; };
		34C90E59266014770013A7ED /* EmptyTeamsTableViewCell.swift */ = {isa = PBXFileReference; lastKnownFileType = sourcecode.swift; path = EmptyTeamsTableViewCell.swift; sourceTree = "<group>"; };
		34C90E5A266014770013A7ED /* EmptyTeamsTableViewCell.xib */ = {isa = PBXFileReference; lastKnownFileType = file.xib; path = EmptyTeamsTableViewCell.xib; sourceTree = "<group>"; };
		34C90E602660149E0013A7ED /* LoadingTeamsTableViewCell.swift */ = {isa = PBXFileReference; lastKnownFileType = sourcecode.swift; path = LoadingTeamsTableViewCell.swift; sourceTree = "<group>"; };
		34C90E612660149E0013A7ED /* LoadingTeamsTableViewCell.xib */ = {isa = PBXFileReference; lastKnownFileType = file.xib; path = LoadingTeamsTableViewCell.xib; sourceTree = "<group>"; };
		34C90E67266014BA0013A7ED /* TeamTableViewCell.swift */ = {isa = PBXFileReference; lastKnownFileType = sourcecode.swift; path = TeamTableViewCell.swift; sourceTree = "<group>"; };
		34C90E68266014BA0013A7ED /* TeamTableViewCell.xib */ = {isa = PBXFileReference; lastKnownFileType = file.xib; path = TeamTableViewCell.xib; sourceTree = "<group>"; };
		34C90E6E2660237D0013A7ED /* TeamRepository.swift */ = {isa = PBXFileReference; lastKnownFileType = sourcecode.swift; path = TeamRepository.swift; sourceTree = "<group>"; };
		34C90E73266023880013A7ED /* TeamRepositoryImpl.swift */ = {isa = PBXFileReference; lastKnownFileType = sourcecode.swift; path = TeamRepositoryImpl.swift; sourceTree = "<group>"; };
		34C90E782660244F0013A7ED /* TeamJSONResponse.swift */ = {isa = PBXFileReference; lastKnownFileType = sourcecode.swift; path = TeamJSONResponse.swift; sourceTree = "<group>"; };
		34C90E7D266024840013A7ED /* TeamData.swift */ = {isa = PBXFileReference; lastKnownFileType = sourcecode.swift; path = TeamData.swift; sourceTree = "<group>"; };
		34C90E822660254F0013A7ED /* ErrorExtensions.swift */ = {isa = PBXFileReference; lastKnownFileType = sourcecode.swift; path = ErrorExtensions.swift; sourceTree = "<group>"; };
		34C90E872660255D0013A7ED /* ErrorStructure.swift */ = {isa = PBXFileReference; lastKnownFileType = sourcecode.swift; path = ErrorStructure.swift; sourceTree = "<group>"; };
		34C90E8C266039200013A7ED /* UIColorExtensions.swift */ = {isa = PBXFileReference; lastKnownFileType = sourcecode.swift; path = UIColorExtensions.swift; sourceTree = "<group>"; };
		34C90E91266039570013A7ED /* Color.xcassets */ = {isa = PBXFileReference; lastKnownFileType = folder.assetcatalog; path = Color.xcassets; sourceTree = "<group>"; };
		34C90E9926603B400013A7ED /* it */ = {isa = PBXFileReference; lastKnownFileType = text.plist.strings; name = it; path = it.lproj/Main.strings; sourceTree = "<group>"; };
		34C90E9A26603B400013A7ED /* it */ = {isa = PBXFileReference; lastKnownFileType = text.plist.strings; name = it; path = it.lproj/LaunchScreen.strings; sourceTree = "<group>"; };
		34C90EB326603BD40013A7ED /* en */ = {isa = PBXFileReference; lastKnownFileType = text.plist.strings; name = en; path = en.lproj/Localizable.strings; sourceTree = "<group>"; };
		34C90EB826603BD90013A7ED /* it */ = {isa = PBXFileReference; lastKnownFileType = text.plist.strings; name = it; path = it.lproj/Localizable.strings; sourceTree = "<group>"; };
		34C90EBC26603D460013A7ED /* StringExtensions.swift */ = {isa = PBXFileReference; lastKnownFileType = sourcecode.swift; path = StringExtensions.swift; sourceTree = "<group>"; };
		34C90EC426603EA70013A7ED /* TeamListVC+SearchResultUpdating.swift */ = {isa = PBXFileReference; lastKnownFileType = sourcecode.swift; path = "TeamListVC+SearchResultUpdating.swift"; sourceTree = "<group>"; };
		34E0182D2661301100B9F1EA /* PlayerDetailViewController.swift */ = {isa = PBXFileReference; lastKnownFileType = sourcecode.swift; path = PlayerDetailViewController.swift; sourceTree = "<group>"; };
		34E018352661301C00B9F1EA /* InteractiveModalPresentationController.swift */ = {isa = PBXFileReference; lastKnownFileType = sourcecode.swift; path = InteractiveModalPresentationController.swift; sourceTree = "<group>"; };
		34E0183A2661302E00B9F1EA /* InteractiveModalTransitioningDelegate.swift */ = {isa = PBXFileReference; lastKnownFileType = sourcecode.swift; path = InteractiveModalTransitioningDelegate.swift; sourceTree = "<group>"; };
		34E0183F2661305D00B9F1EA /* ModalScaleState.swift */ = {isa = PBXFileReference; lastKnownFileType = sourcecode.swift; path = ModalScaleState.swift; sourceTree = "<group>"; };
		34E0184C266130C900B9F1EA /* PlayerDetailViewController.xib */ = {isa = PBXFileReference; lastKnownFileType = file.xib; path = PlayerDetailViewController.xib; sourceTree = "<group>"; };
		34E01854266142DC00B9F1EA /* PlayerListVC+NSFetchedResults.swift */ = {isa = PBXFileReference; lastKnownFileType = sourcecode.swift; path = "PlayerListVC+NSFetchedResults.swift"; sourceTree = "<group>"; };
		34E018592661430F00B9F1EA /* PlayerListVC+TableViewDelegate.swift */ = {isa = PBXFileReference; lastKnownFileType = sourcecode.swift; path = "PlayerListVC+TableViewDelegate.swift"; sourceTree = "<group>"; };
		34E0186C266146BD00B9F1EA /* FakeTeamRepository.swift */ = {isa = PBXFileReference; lastKnownFileType = sourcecode.swift; path = FakeTeamRepository.swift; sourceTree = "<group>"; };
		34E01874266146D700B9F1EA /* DataFactory.swift */ = {isa = PBXFileReference; lastKnownFileType = sourcecode.swift; path = DataFactory.swift; sourceTree = "<group>"; };
/* End PBXFileReference section */

/* Begin PBXFrameworksBuildPhase section */
		3482261D265FE60A0081284B /* Frameworks */ = {
			isa = PBXFrameworksBuildPhase;
			buildActionMask = 2147483647;
			files = (
			);
			runOnlyForDeploymentPostprocessing = 0;
		};
		34822633265FE60C0081284B /* Frameworks */ = {
			isa = PBXFrameworksBuildPhase;
			buildActionMask = 2147483647;
			files = (
			);
			runOnlyForDeploymentPostprocessing = 0;
		};
		3482263E265FE60C0081284B /* Frameworks */ = {
			isa = PBXFrameworksBuildPhase;
			buildActionMask = 2147483647;
			files = (
			);
			runOnlyForDeploymentPostprocessing = 0;
		};
/* End PBXFrameworksBuildPhase section */

/* Begin PBXGroup section */
		3424B14A2660E60400D68608 /* Model */ = {
			isa = PBXGroup;
			children = (
				34707C09265FF31F00F8EA86 /* NBAPlayers.xcdatamodeld */,
				3424B14B2660E60F00D68608 /* CoreDataStack.swift */,
			);
			path = Model;
			sourceTree = "<group>";
		};
		346ED9322660E8EB00EA1D8B /* Services */ = {
			isa = PBXGroup;
			children = (
				346ED9332660E8FD00EA1D8B /* PlayerService.swift */,
			);
			path = Services;
			sourceTree = "<group>";
		};
		34707BE7265FE8B000F8EA86 /* App */ = {
			isa = PBXGroup;
			children = (
				3482262E265FE60B0081284B /* LaunchScreen.storyboard */,
				34822623265FE60A0081284B /* AppDelegate.swift */,
				34822625265FE60A0081284B /* SceneDelegate.swift */,
			);
			path = App;
			sourceTree = "<group>";
		};
		34707BEB265FE8B700F8EA86 /* Assets */ = {
			isa = PBXGroup;
			children = (
				34C90EA126603B570013A7ED /* Localization */,
				3482262C265FE60B0081284B /* Assets.xcassets */,
				34C90E91266039570013A7ED /* Color.xcassets */,
			);
			path = Assets;
			sourceTree = "<group>";
		};
		34707BEC265FE8FD00F8EA86 /* Features */ = {
			isa = PBXGroup;
			children = (
				34822629265FE60A0081284B /* Main.storyboard */,
				34707C08265FF2E100F8EA86 /* Onboarding */,
				34707BEF265FE91500F8EA86 /* PlayerDetail */,
				34707BEE265FE90E00F8EA86 /* PlayerList */,
				34707BED265FE90800F8EA86 /* TeamList */,
			);
			path = Features;
			sourceTree = "<group>";
		};
		34707BED265FE90800F8EA86 /* TeamList */ = {
			isa = PBXGroup;
			children = (
				34C90E4B266013F20013A7ED /* Data */,
				34C90E4C266013F60013A7ED /* Cells */,
				34707BF0265FE9C900F8EA86 /* TeamListViewModel.swift */,
				34A75CBA2660127600B321A6 /* TeamListViewController.swift */,
				34A75CCC2660132600B321A6 /* TeamListVC+TableViewDelegate.swift */,
				34C90EC426603EA70013A7ED /* TeamListVC+SearchResultUpdating.swift */,
				34A75CC2266012BB00B321A6 /* TeamList.storyboard */,
			);
			path = TeamList;
			sourceTree = "<group>";
		};
		34707BEE265FE90E00F8EA86 /* PlayerList */ = {
			isa = PBXGroup;
			children = (
				34A75C68265FF5E300B321A6 /* Data */,
				34A75CC7266012EC00B321A6 /* PlayerListViewModel.swift */,
				34A75C97265FFC4900B321A6 /* PlayerListViewController.swift */,
				34E01854266142DC00B9F1EA /* PlayerListVC+NSFetchedResults.swift */,
				34E018592661430F00B9F1EA /* PlayerListVC+TableViewDelegate.swift */,
				34A75C9C265FFC8000B321A6 /* PlayerList.storyboard */,
			);
			path = PlayerList;
			sourceTree = "<group>";
		};
		34707BEF265FE91500F8EA86 /* PlayerDetail */ = {
			isa = PBXGroup;
			children = (
				34E0182C2661300300B9F1EA /* Data */,
				34E0184C266130C900B9F1EA /* PlayerDetailViewController.xib */,
				34E0182D2661301100B9F1EA /* PlayerDetailViewController.swift */,
				34E018352661301C00B9F1EA /* InteractiveModalPresentationController.swift */,
				34E0183A2661302E00B9F1EA /* InteractiveModalTransitioningDelegate.swift */,
			);
			path = PlayerDetail;
			sourceTree = "<group>";
		};
		34707BF5265FEA6100F8EA86 /* Network */ = {
			isa = PBXGroup;
			children = (
				34707BFE265FEA7D00F8EA86 /* Data */,
				34707BF6265FEA6F00F8EA86 /* RemoteDataSource.swift */,
			);
			path = Network;
			sourceTree = "<group>";
		};
		34707BFE265FEA7D00F8EA86 /* Data */ = {
			isa = PBXGroup;
			children = (
				34707BFF265FEA8B00F8EA86 /* HTTPMethodEnum.swift */,
				34C90E872660255D0013A7ED /* ErrorStructure.swift */,
			);
			path = Data;
			sourceTree = "<group>";
		};
		34707C08265FF2E100F8EA86 /* Onboarding */ = {
			isa = PBXGroup;
			children = (
				346ED9322660E8EB00EA1D8B /* Services */,
				34A75C7A265FF83200B321A6 /* Data */,
				34A75C88265FF86A00B321A6 /* OnboardingViewModel.swift */,
				34822627265FE60A0081284B /* ViewController.swift */,
			);
			path = Onboarding;
			sourceTree = "<group>";
		};
		34822617265FE60A0081284B = {
			isa = PBXGroup;
			children = (
				34822622265FE60A0081284B /* NBA-app */,
				34822639265FE60C0081284B /* NBA-appTests */,
				34822644265FE60C0081284B /* NBA-appUITests */,
				34822621265FE60A0081284B /* Products */,
			);
			sourceTree = "<group>";
		};
		34822621265FE60A0081284B /* Products */ = {
			isa = PBXGroup;
			children = (
				34822620265FE60A0081284B /* NBA-app.app */,
				34822636265FE60C0081284B /* NBA-appTests.xctest */,
				34822641265FE60C0081284B /* NBA-appUITests.xctest */,
			);
			name = Products;
			sourceTree = "<group>";
		};
		34822622265FE60A0081284B /* NBA-app */ = {
			isa = PBXGroup;
			children = (
				34822631265FE60B0081284B /* Info.plist */,
				34707BEB265FE8B700F8EA86 /* Assets */,
				34A75CA92660110100B321A6 /* Source */,
			);
			path = "NBA-app";
			sourceTree = "<group>";
		};
		34822639265FE60C0081284B /* NBA-appTests */ = {
			isa = PBXGroup;
			children = (
				34E0186A2661469800B9F1EA /* Utils */,
				3482263A265FE60C0081284B /* TeamListViewModelTests.swift */,
				3482263C265FE60C0081284B /* Info.plist */,
			);
			path = "NBA-appTests";
			sourceTree = "<group>";
		};
		34822644265FE60C0081284B /* NBA-appUITests */ = {
			isa = PBXGroup;
			children = (
				34822645265FE60C0081284B /* NBA_appUITests.swift */,
				34822647265FE60C0081284B /* Info.plist */,
			);
			path = "NBA-appUITests";
			sourceTree = "<group>";
		};
		34A75C68265FF5E300B321A6 /* Data */ = {
			isa = PBXGroup;
			children = (
				34A75C69265FF5E800B321A6 /* Model */,
			);
			path = Data;
			sourceTree = "<group>";
		};
		34A75C69265FF5E800B321A6 /* Model */ = {
			isa = PBXGroup;
			children = (
				34A75C6A265FF5F600B321A6 /* PlayersJSONResponse.swift */,
				34A75C6F265FF61C00B321A6 /* PlayersData.swift */,
			);
			path = Model;
			sourceTree = "<group>";
		};
		34A75C7A265FF83200B321A6 /* Data */ = {
			isa = PBXGroup;
			children = (
				3424B14A2660E60400D68608 /* Model */,
				34A75C7B265FF84000B321A6 /* OnboardingRepository.swift */,
				34A75C80265FF84F00B321A6 /* OnboardingRepositoryImpl.swift */,
			);
			path = Data;
			sourceTree = "<group>";
		};
		34A75CA92660110100B321A6 /* Source */ = {
			isa = PBXGroup;
			children = (
				34707BF5265FEA6100F8EA86 /* Network */,
				34707BE7265FE8B000F8EA86 /* App */,
				34707BEC265FE8FD00F8EA86 /* Features */,
				34A75CAA2660117400B321A6 /* Utils */,
			);
			path = Source;
			sourceTree = "<group>";
		};
		34A75CAA2660117400B321A6 /* Utils */ = {
			isa = PBXGroup;
			children = (
				34A75CAB2660118000B321A6 /* Extensions */,
				34A75CAC2660118900B321A6 /* MarginManager.swift */,
			);
			path = Utils;
			sourceTree = "<group>";
		};
		34A75CAB2660118000B321A6 /* Extensions */ = {
			isa = PBXGroup;
			children = (
				34A75CB4266011A000B321A6 /* UITableViewExtensions.swift */,
				34C90E822660254F0013A7ED /* ErrorExtensions.swift */,
				34C90E8C266039200013A7ED /* UIColorExtensions.swift */,
				34C90EBC26603D460013A7ED /* StringExtensions.swift */,
			);
			path = Extensions;
			sourceTree = "<group>";
		};
		34C90E4B266013F20013A7ED /* Data */ = {
			isa = PBXGroup;
			children = (
				34C90E4D266013FB0013A7ED /* Model */,
				34C90E6E2660237D0013A7ED /* TeamRepository.swift */,
				34C90E73266023880013A7ED /* TeamRepositoryImpl.swift */,
			);
			path = Data;
			sourceTree = "<group>";
		};
		34C90E4C266013F60013A7ED /* Cells */ = {
			isa = PBXGroup;
			children = (
				34C90E59266014770013A7ED /* EmptyTeamsTableViewCell.swift */,
				34C90E5A266014770013A7ED /* EmptyTeamsTableViewCell.xib */,
				34C90E602660149E0013A7ED /* LoadingTeamsTableViewCell.swift */,
				34C90E612660149E0013A7ED /* LoadingTeamsTableViewCell.xib */,
				34C90E67266014BA0013A7ED /* TeamTableViewCell.swift */,
				34C90E68266014BA0013A7ED /* TeamTableViewCell.xib */,
			);
			path = Cells;
			sourceTree = "<group>";
		};
		34C90E4D266013FB0013A7ED /* Model */ = {
			isa = PBXGroup;
			children = (
				34C90E51266014140013A7ED /* TeamStatusEnum.swift */,
				34C90E782660244F0013A7ED /* TeamJSONResponse.swift */,
				34C90E7D266024840013A7ED /* TeamData.swift */,
			);
			path = Model;
			sourceTree = "<group>";
		};
		34C90EA126603B570013A7ED /* Localization */ = {
			isa = PBXGroup;
			children = (
				34C90EB426603BD40013A7ED /* Localizable.strings */,
			);
			path = Localization;
			sourceTree = "<group>";
		};
		34E0182C2661300300B9F1EA /* Data */ = {
			isa = PBXGroup;
			children = (
				34E0183F2661305D00B9F1EA /* ModalScaleState.swift */,
			);
			path = Data;
			sourceTree = "<group>";
		};
		34E0186A2661469800B9F1EA /* Utils */ = {
			isa = PBXGroup;
			children = (
				34E0186B2661469D00B9F1EA /* Fake */,
				34E01874266146D700B9F1EA /* DataFactory.swift */,
			);
			path = Utils;
			sourceTree = "<group>";
		};
		34E0186B2661469D00B9F1EA /* Fake */ = {
			isa = PBXGroup;
			children = (
				34E0186C266146BD00B9F1EA /* FakeTeamRepository.swift */,
			);
			path = Fake;
			sourceTree = "<group>";
		};
/* End PBXGroup section */

/* Begin PBXNativeTarget section */
		3482261F265FE60A0081284B /* NBA-app */ = {
			isa = PBXNativeTarget;
			buildConfigurationList = 3482264A265FE60C0081284B /* Build configuration list for PBXNativeTarget "NBA-app" */;
			buildPhases = (
				3482261C265FE60A0081284B /* Sources */,
				3482261D265FE60A0081284B /* Frameworks */,
				3482261E265FE60A0081284B /* Resources */,
			);
			buildRules = (
			);
			dependencies = (
			);
			name = "NBA-app";
			productName = "NBA-app";
			productReference = 34822620265FE60A0081284B /* NBA-app.app */;
			productType = "com.apple.product-type.application";
		};
		34822635265FE60C0081284B /* NBA-appTests */ = {
			isa = PBXNativeTarget;
			buildConfigurationList = 3482264D265FE60C0081284B /* Build configuration list for PBXNativeTarget "NBA-appTests" */;
			buildPhases = (
				34822632265FE60C0081284B /* Sources */,
				34822633265FE60C0081284B /* Frameworks */,
				34822634265FE60C0081284B /* Resources */,
			);
			buildRules = (
			);
			dependencies = (
				34822638265FE60C0081284B /* PBXTargetDependency */,
			);
			name = "NBA-appTests";
			productName = "NBA-appTests";
			productReference = 34822636265FE60C0081284B /* NBA-appTests.xctest */;
			productType = "com.apple.product-type.bundle.unit-test";
		};
		34822640265FE60C0081284B /* NBA-appUITests */ = {
			isa = PBXNativeTarget;
			buildConfigurationList = 34822650265FE60C0081284B /* Build configuration list for PBXNativeTarget "NBA-appUITests" */;
			buildPhases = (
				3482263D265FE60C0081284B /* Sources */,
				3482263E265FE60C0081284B /* Frameworks */,
				3482263F265FE60C0081284B /* Resources */,
			);
			buildRules = (
			);
			dependencies = (
				34822643265FE60C0081284B /* PBXTargetDependency */,
			);
			name = "NBA-appUITests";
			productName = "NBA-appUITests";
			productReference = 34822641265FE60C0081284B /* NBA-appUITests.xctest */;
			productType = "com.apple.product-type.bundle.ui-testing";
		};
/* End PBXNativeTarget section */

/* Begin PBXProject section */
		34822618265FE60A0081284B /* Project object */ = {
			isa = PBXProject;
			attributes = {
				LastSwiftUpdateCheck = 1220;
				LastUpgradeCheck = 1220;
				TargetAttributes = {
					3482261F265FE60A0081284B = {
						CreatedOnToolsVersion = 12.2;
					};
					34822635265FE60C0081284B = {
						CreatedOnToolsVersion = 12.2;
						TestTargetID = 3482261F265FE60A0081284B;
					};
					34822640265FE60C0081284B = {
						CreatedOnToolsVersion = 12.2;
						TestTargetID = 3482261F265FE60A0081284B;
					};
				};
			};
			buildConfigurationList = 3482261B265FE60A0081284B /* Build configuration list for PBXProject "NBA-app" */;
			compatibilityVersion = "Xcode 9.3";
			developmentRegion = en;
			hasScannedForEncodings = 0;
			knownRegions = (
				en,
				Base,
				it,
			);
			mainGroup = 34822617265FE60A0081284B;
			productRefGroup = 34822621265FE60A0081284B /* Products */;
			projectDirPath = "";
			projectRoot = "";
			targets = (
				3482261F265FE60A0081284B /* NBA-app */,
				34822635265FE60C0081284B /* NBA-appTests */,
				34822640265FE60C0081284B /* NBA-appUITests */,
			);
		};
/* End PBXProject section */

/* Begin PBXResourcesBuildPhase section */
		3482261E265FE60A0081284B /* Resources */ = {
			isa = PBXResourcesBuildPhase;
			buildActionMask = 2147483647;
			files = (
				34C90E6A266014BA0013A7ED /* TeamTableViewCell.xib in Resources */,
				34C90E5C266014770013A7ED /* EmptyTeamsTableViewCell.xib in Resources */,
				34A75CC3266012BB00B321A6 /* TeamList.storyboard in Resources */,
				34822630265FE60B0081284B /* LaunchScreen.storyboard in Resources */,
				34A75C9D265FFC8000B321A6 /* PlayerList.storyboard in Resources */,
				34C90EB226603BD40013A7ED /* Localizable.strings in Resources */,
				3482262D265FE60B0081284B /* Assets.xcassets in Resources */,
				34E0184D266130C900B9F1EA /* PlayerDetailViewController.xib in Resources */,
				3482262B265FE60A0081284B /* Main.storyboard in Resources */,
				34C90E632660149E0013A7ED /* LoadingTeamsTableViewCell.xib in Resources */,
				34C90E92266039570013A7ED /* Color.xcassets in Resources */,
			);
			runOnlyForDeploymentPostprocessing = 0;
		};
		34822634265FE60C0081284B /* Resources */ = {
			isa = PBXResourcesBuildPhase;
			buildActionMask = 2147483647;
			files = (
			);
			runOnlyForDeploymentPostprocessing = 0;
		};
		3482263F265FE60C0081284B /* Resources */ = {
			isa = PBXResourcesBuildPhase;
			buildActionMask = 2147483647;
			files = (
			);
			runOnlyForDeploymentPostprocessing = 0;
		};
/* End PBXResourcesBuildPhase section */

/* Begin PBXSourcesBuildPhase section */
		3482261C265FE60A0081284B /* Sources */ = {
			isa = PBXSourcesBuildPhase;
			buildActionMask = 2147483647;
			files = (
				34C90E5B266014770013A7ED /* EmptyTeamsTableViewCell.swift in Sources */,
				346ED9342660E8FD00EA1D8B /* PlayerService.swift in Sources */,
				34C90E52266014140013A7ED /* TeamStatusEnum.swift in Sources */,
				34822628265FE60A0081284B /* ViewController.swift in Sources */,
				34A75CAD2660118900B321A6 /* MarginManager.swift in Sources */,
				34C90E74266023880013A7ED /* TeamRepositoryImpl.swift in Sources */,
				34C90E792660244F0013A7ED /* TeamJSONResponse.swift in Sources */,
				34707C0B265FF31F00F8EA86 /* NBAPlayers.xcdatamodeld in Sources */,
				3424B14C2660E60F00D68608 /* CoreDataStack.swift in Sources */,
				34707BF7265FEA6F00F8EA86 /* RemoteDataSource.swift in Sources */,
				34C90E832660254F0013A7ED /* ErrorExtensions.swift in Sources */,
				34C90E7E266024840013A7ED /* TeamData.swift in Sources */,
				34C90E622660149E0013A7ED /* LoadingTeamsTableViewCell.swift in Sources */,
				34707BF1265FE9C900F8EA86 /* TeamListViewModel.swift in Sources */,
				34C90EBD26603D460013A7ED /* StringExtensions.swift in Sources */,
				34707C00265FEA8B00F8EA86 /* HTTPMethodEnum.swift in Sources */,
				34E0182E2661301100B9F1EA /* PlayerDetailViewController.swift in Sources */,
				34A75CB5266011A000B321A6 /* UITableViewExtensions.swift in Sources */,
				34C90E6F2660237D0013A7ED /* TeamRepository.swift in Sources */,
				34E0185A2661430F00B9F1EA /* PlayerListVC+TableViewDelegate.swift in Sources */,
				34C90E69266014BA0013A7ED /* TeamTableViewCell.swift in Sources */,
				34A75C70265FF61C00B321A6 /* PlayersData.swift in Sources */,
				34E0183B2661302E00B9F1EA /* InteractiveModalTransitioningDelegate.swift in Sources */,
				34E018402661305D00B9F1EA /* ModalScaleState.swift in Sources */,
				34A75C7C265FF84000B321A6 /* OnboardingRepository.swift in Sources */,
				34A75C98265FFC4900B321A6 /* PlayerListViewController.swift in Sources */,
				34E018362661301C00B9F1EA /* InteractiveModalPresentationController.swift in Sources */,
				34A75CC8266012EC00B321A6 /* PlayerListViewModel.swift in Sources */,
				34C90E8D266039200013A7ED /* UIColorExtensions.swift in Sources */,
				34A75C89265FF86A00B321A6 /* OnboardingViewModel.swift in Sources */,
				34A75CBB2660127600B321A6 /* TeamListViewController.swift in Sources */,
				34C90E882660255D0013A7ED /* ErrorStructure.swift in Sources */,
				34C90EC526603EA70013A7ED /* TeamListVC+SearchResultUpdating.swift in Sources */,
				34A75C81265FF84F00B321A6 /* OnboardingRepositoryImpl.swift in Sources */,
				34822624265FE60A0081284B /* AppDelegate.swift in Sources */,
				34A75CCD2660132600B321A6 /* TeamListVC+TableViewDelegate.swift in Sources */,
				34A75C6B265FF5F600B321A6 /* PlayersJSONResponse.swift in Sources */,
				34E01855266142DC00B9F1EA /* PlayerListVC+NSFetchedResults.swift in Sources */,
				34822626265FE60A0081284B /* SceneDelegate.swift in Sources */,
			);
			runOnlyForDeploymentPostprocessing = 0;
		};
		34822632265FE60C0081284B /* Sources */ = {
			isa = PBXSourcesBuildPhase;
			buildActionMask = 2147483647;
			files = (
				3482263B265FE60C0081284B /* TeamListViewModelTests.swift in Sources */,
				34E0186D266146BD00B9F1EA /* FakeTeamRepository.swift in Sources */,
				34E01875266146D700B9F1EA /* DataFactory.swift in Sources */,
			);
			runOnlyForDeploymentPostprocessing = 0;
		};
		3482263D265FE60C0081284B /* Sources */ = {
			isa = PBXSourcesBuildPhase;
			buildActionMask = 2147483647;
			files = (
				34822646265FE60C0081284B /* NBA_appUITests.swift in Sources */,
			);
			runOnlyForDeploymentPostprocessing = 0;
		};
/* End PBXSourcesBuildPhase section */

/* Begin PBXTargetDependency section */
		34822638265FE60C0081284B /* PBXTargetDependency */ = {
			isa = PBXTargetDependency;
			target = 3482261F265FE60A0081284B /* NBA-app */;
			targetProxy = 34822637265FE60C0081284B /* PBXContainerItemProxy */;
		};
		34822643265FE60C0081284B /* PBXTargetDependency */ = {
			isa = PBXTargetDependency;
			target = 3482261F265FE60A0081284B /* NBA-app */;
			targetProxy = 34822642265FE60C0081284B /* PBXContainerItemProxy */;
		};
/* End PBXTargetDependency section */

/* Begin PBXVariantGroup section */
		34822629265FE60A0081284B /* Main.storyboard */ = {
			isa = PBXVariantGroup;
			children = (
				3482262A265FE60A0081284B /* Base */,
				34C90E9926603B400013A7ED /* it */,
			);
			name = Main.storyboard;
			sourceTree = "<group>";
		};
		3482262E265FE60B0081284B /* LaunchScreen.storyboard */ = {
			isa = PBXVariantGroup;
			children = (
				3482262F265FE60B0081284B /* Base */,
				34C90E9A26603B400013A7ED /* it */,
			);
			name = LaunchScreen.storyboard;
			sourceTree = "<group>";
		};
		34C90EB426603BD40013A7ED /* Localizable.strings */ = {
			isa = PBXVariantGroup;
			children = (
				34C90EB326603BD40013A7ED /* en */,
				34C90EB826603BD90013A7ED /* it */,
			);
			name = Localizable.strings;
			sourceTree = "<group>";
		};
/* End PBXVariantGroup section */

/* Begin XCBuildConfiguration section */
		34822648265FE60C0081284B /* Debug */ = {
			isa = XCBuildConfiguration;
			buildSettings = {
				ALWAYS_SEARCH_USER_PATHS = NO;
				CLANG_ANALYZER_LOCALIZABILITY_NONLOCALIZED = YES;
				CLANG_ANALYZER_NONNULL = YES;
				CLANG_ANALYZER_NUMBER_OBJECT_CONVERSION = YES_AGGRESSIVE;
				CLANG_CXX_LANGUAGE_STANDARD = "gnu++14";
				CLANG_CXX_LIBRARY = "libc++";
				CLANG_ENABLE_MODULES = YES;
				CLANG_ENABLE_OBJC_ARC = YES;
				CLANG_ENABLE_OBJC_WEAK = YES;
				CLANG_WARN_BLOCK_CAPTURE_AUTORELEASING = YES;
				CLANG_WARN_BOOL_CONVERSION = YES;
				CLANG_WARN_COMMA = YES;
				CLANG_WARN_CONSTANT_CONVERSION = YES;
				CLANG_WARN_DEPRECATED_OBJC_IMPLEMENTATIONS = YES;
				CLANG_WARN_DIRECT_OBJC_ISA_USAGE = YES_ERROR;
				CLANG_WARN_DOCUMENTATION_COMMENTS = YES;
				CLANG_WARN_EMPTY_BODY = YES;
				CLANG_WARN_ENUM_CONVERSION = YES;
				CLANG_WARN_INFINITE_RECURSION = YES;
				CLANG_WARN_INT_CONVERSION = YES;
				CLANG_WARN_NON_LITERAL_NULL_CONVERSION = YES;
				CLANG_WARN_OBJC_IMPLICIT_RETAIN_SELF = YES;
				CLANG_WARN_OBJC_LITERAL_CONVERSION = YES;
				CLANG_WARN_OBJC_ROOT_CLASS = YES_ERROR;
				CLANG_WARN_QUOTED_INCLUDE_IN_FRAMEWORK_HEADER = YES;
				CLANG_WARN_RANGE_LOOP_ANALYSIS = YES;
				CLANG_WARN_STRICT_PROTOTYPES = YES;
				CLANG_WARN_SUSPICIOUS_MOVE = YES;
				CLANG_WARN_UNGUARDED_AVAILABILITY = YES_AGGRESSIVE;
				CLANG_WARN_UNREACHABLE_CODE = YES;
				CLANG_WARN__DUPLICATE_METHOD_MATCH = YES;
				COPY_PHASE_STRIP = NO;
				DEBUG_INFORMATION_FORMAT = dwarf;
				ENABLE_STRICT_OBJC_MSGSEND = YES;
				ENABLE_TESTABILITY = YES;
				GCC_C_LANGUAGE_STANDARD = gnu11;
				GCC_DYNAMIC_NO_PIC = NO;
				GCC_NO_COMMON_BLOCKS = YES;
				GCC_OPTIMIZATION_LEVEL = 0;
				GCC_PREPROCESSOR_DEFINITIONS = (
					"DEBUG=1",
					"$(inherited)",
				);
				GCC_WARN_64_TO_32_BIT_CONVERSION = YES;
				GCC_WARN_ABOUT_RETURN_TYPE = YES_ERROR;
				GCC_WARN_UNDECLARED_SELECTOR = YES;
				GCC_WARN_UNINITIALIZED_AUTOS = YES_AGGRESSIVE;
				GCC_WARN_UNUSED_FUNCTION = YES;
				GCC_WARN_UNUSED_VARIABLE = YES;
				IPHONEOS_DEPLOYMENT_TARGET = 14.2;
				MTL_ENABLE_DEBUG_INFO = INCLUDE_SOURCE;
				MTL_FAST_MATH = YES;
				ONLY_ACTIVE_ARCH = YES;
				SDKROOT = iphoneos;
				SWIFT_ACTIVE_COMPILATION_CONDITIONS = DEBUG;
				SWIFT_OPTIMIZATION_LEVEL = "-Onone";
			};
			name = Debug;
		};
		34822649265FE60C0081284B /* Release */ = {
			isa = XCBuildConfiguration;
			buildSettings = {
				ALWAYS_SEARCH_USER_PATHS = NO;
				CLANG_ANALYZER_LOCALIZABILITY_NONLOCALIZED = YES;
				CLANG_ANALYZER_NONNULL = YES;
				CLANG_ANALYZER_NUMBER_OBJECT_CONVERSION = YES_AGGRESSIVE;
				CLANG_CXX_LANGUAGE_STANDARD = "gnu++14";
				CLANG_CXX_LIBRARY = "libc++";
				CLANG_ENABLE_MODULES = YES;
				CLANG_ENABLE_OBJC_ARC = YES;
				CLANG_ENABLE_OBJC_WEAK = YES;
				CLANG_WARN_BLOCK_CAPTURE_AUTORELEASING = YES;
				CLANG_WARN_BOOL_CONVERSION = YES;
				CLANG_WARN_COMMA = YES;
				CLANG_WARN_CONSTANT_CONVERSION = YES;
				CLANG_WARN_DEPRECATED_OBJC_IMPLEMENTATIONS = YES;
				CLANG_WARN_DIRECT_OBJC_ISA_USAGE = YES_ERROR;
				CLANG_WARN_DOCUMENTATION_COMMENTS = YES;
				CLANG_WARN_EMPTY_BODY = YES;
				CLANG_WARN_ENUM_CONVERSION = YES;
				CLANG_WARN_INFINITE_RECURSION = YES;
				CLANG_WARN_INT_CONVERSION = YES;
				CLANG_WARN_NON_LITERAL_NULL_CONVERSION = YES;
				CLANG_WARN_OBJC_IMPLICIT_RETAIN_SELF = YES;
				CLANG_WARN_OBJC_LITERAL_CONVERSION = YES;
				CLANG_WARN_OBJC_ROOT_CLASS = YES_ERROR;
				CLANG_WARN_QUOTED_INCLUDE_IN_FRAMEWORK_HEADER = YES;
				CLANG_WARN_RANGE_LOOP_ANALYSIS = YES;
				CLANG_WARN_STRICT_PROTOTYPES = YES;
				CLANG_WARN_SUSPICIOUS_MOVE = YES;
				CLANG_WARN_UNGUARDED_AVAILABILITY = YES_AGGRESSIVE;
				CLANG_WARN_UNREACHABLE_CODE = YES;
				CLANG_WARN__DUPLICATE_METHOD_MATCH = YES;
				COPY_PHASE_STRIP = NO;
				DEBUG_INFORMATION_FORMAT = "dwarf-with-dsym";
				ENABLE_NS_ASSERTIONS = NO;
				ENABLE_STRICT_OBJC_MSGSEND = YES;
				GCC_C_LANGUAGE_STANDARD = gnu11;
				GCC_NO_COMMON_BLOCKS = YES;
				GCC_WARN_64_TO_32_BIT_CONVERSION = YES;
				GCC_WARN_ABOUT_RETURN_TYPE = YES_ERROR;
				GCC_WARN_UNDECLARED_SELECTOR = YES;
				GCC_WARN_UNINITIALIZED_AUTOS = YES_AGGRESSIVE;
				GCC_WARN_UNUSED_FUNCTION = YES;
				GCC_WARN_UNUSED_VARIABLE = YES;
				IPHONEOS_DEPLOYMENT_TARGET = 14.2;
				MTL_ENABLE_DEBUG_INFO = NO;
				MTL_FAST_MATH = YES;
				SDKROOT = iphoneos;
				SWIFT_COMPILATION_MODE = wholemodule;
				SWIFT_OPTIMIZATION_LEVEL = "-O";
				VALIDATE_PRODUCT = YES;
			};
			name = Release;
		};
		3482264B265FE60C0081284B /* Debug */ = {
			isa = XCBuildConfiguration;
			buildSettings = {
				ASSETCATALOG_COMPILER_APPICON_NAME = AppIcon;
				ASSETCATALOG_COMPILER_GLOBAL_ACCENT_COLOR_NAME = AccentColor;
				CODE_SIGN_STYLE = Automatic;
				DEVELOPMENT_TEAM = UV47U9D7VM;
				INFOPLIST_FILE = "NBA-app/Info.plist";
				LD_RUNPATH_SEARCH_PATHS = (
					"$(inherited)",
					"@executable_path/Frameworks",
				);
				PRODUCT_BUNDLE_IDENTIFIER = daniel.swift.nba;
				PRODUCT_NAME = "$(TARGET_NAME)";
				SWIFT_VERSION = 5.0;
				TARGETED_DEVICE_FAMILY = "1,2";
			};
			name = Debug;
		};
		3482264C265FE60C0081284B /* Release */ = {
			isa = XCBuildConfiguration;
			buildSettings = {
				ASSETCATALOG_COMPILER_APPICON_NAME = AppIcon;
				ASSETCATALOG_COMPILER_GLOBAL_ACCENT_COLOR_NAME = AccentColor;
				CODE_SIGN_STYLE = Automatic;
				DEVELOPMENT_TEAM = UV47U9D7VM;
				INFOPLIST_FILE = "NBA-app/Info.plist";
				LD_RUNPATH_SEARCH_PATHS = (
					"$(inherited)",
					"@executable_path/Frameworks",
				);
				PRODUCT_BUNDLE_IDENTIFIER = daniel.swift.nba;
				PRODUCT_NAME = "$(TARGET_NAME)";
				SWIFT_VERSION = 5.0;
				TARGETED_DEVICE_FAMILY = "1,2";
			};
			name = Release;
		};
		3482264E265FE60C0081284B /* Debug */ = {
			isa = XCBuildConfiguration;
			buildSettings = {
				ALWAYS_EMBED_SWIFT_STANDARD_LIBRARIES = YES;
				BUNDLE_LOADER = "$(TEST_HOST)";
				CODE_SIGN_STYLE = Automatic;
				DEVELOPMENT_TEAM = UV47U9D7VM;
				INFOPLIST_FILE = "NBA-appTests/Info.plist";
				IPHONEOS_DEPLOYMENT_TARGET = 14.2;
				LD_RUNPATH_SEARCH_PATHS = (
					"$(inherited)",
					"@executable_path/Frameworks",
					"@loader_path/Frameworks",
				);
				PRODUCT_BUNDLE_IDENTIFIER = "daniel.NBA-appTests";
				PRODUCT_NAME = "$(TARGET_NAME)";
				SWIFT_VERSION = 5.0;
				TARGETED_DEVICE_FAMILY = "1,2";
				TEST_HOST = "$(BUILT_PRODUCTS_DIR)/NBA-app.app/NBA-app";
			};
			name = Debug;
		};
		3482264F265FE60C0081284B /* Release */ = {
			isa = XCBuildConfiguration;
			buildSettings = {
				ALWAYS_EMBED_SWIFT_STANDARD_LIBRARIES = YES;
				BUNDLE_LOADER = "$(TEST_HOST)";
				CODE_SIGN_STYLE = Automatic;
				DEVELOPMENT_TEAM = UV47U9D7VM;
				INFOPLIST_FILE = "NBA-appTests/Info.plist";
				IPHONEOS_DEPLOYMENT_TARGET = 14.2;
				LD_RUNPATH_SEARCH_PATHS = (
					"$(inherited)",
					"@executable_path/Frameworks",
					"@loader_path/Frameworks",
				);
				PRODUCT_BUNDLE_IDENTIFIER = "daniel.NBA-appTests";
				PRODUCT_NAME = "$(TARGET_NAME)";
				SWIFT_VERSION = 5.0;
				TARGETED_DEVICE_FAMILY = "1,2";
				TEST_HOST = "$(BUILT_PRODUCTS_DIR)/NBA-app.app/NBA-app";
			};
			name = Release;
		};
		34822651265FE60C0081284B /* Debug */ = {
			isa = XCBuildConfiguration;
			buildSettings = {
				ALWAYS_EMBED_SWIFT_STANDARD_LIBRARIES = YES;
				CODE_SIGN_STYLE = Automatic;
				DEVELOPMENT_TEAM = UV47U9D7VM;
				INFOPLIST_FILE = "NBA-appUITests/Info.plist";
				LD_RUNPATH_SEARCH_PATHS = (
					"$(inherited)",
					"@executable_path/Frameworks",
					"@loader_path/Frameworks",
				);
				PRODUCT_BUNDLE_IDENTIFIER = "daniel.NBA-appUITests";
				PRODUCT_NAME = "$(TARGET_NAME)";
				SWIFT_VERSION = 5.0;
				TARGETED_DEVICE_FAMILY = "1,2";
				TEST_TARGET_NAME = "NBA-app";
			};
			name = Debug;
		};
		34822652265FE60C0081284B /* Release */ = {
			isa = XCBuildConfiguration;
			buildSettings = {
				ALWAYS_EMBED_SWIFT_STANDARD_LIBRARIES = YES;
				CODE_SIGN_STYLE = Automatic;
				DEVELOPMENT_TEAM = UV47U9D7VM;
				INFOPLIST_FILE = "NBA-appUITests/Info.plist";
				LD_RUNPATH_SEARCH_PATHS = (
					"$(inherited)",
					"@executable_path/Frameworks",
					"@loader_path/Frameworks",
				);
				PRODUCT_BUNDLE_IDENTIFIER = "daniel.NBA-appUITests";
				PRODUCT_NAME = "$(TARGET_NAME)";
				SWIFT_VERSION = 5.0;
				TARGETED_DEVICE_FAMILY = "1,2";
				TEST_TARGET_NAME = "NBA-app";
			};
			name = Release;
		};
/* End XCBuildConfiguration section */

/* Begin XCConfigurationList section */
		3482261B265FE60A0081284B /* Build configuration list for PBXProject "NBA-app" */ = {
			isa = XCConfigurationList;
			buildConfigurations = (
				34822648265FE60C0081284B /* Debug */,
				34822649265FE60C0081284B /* Release */,
			);
			defaultConfigurationIsVisible = 0;
			defaultConfigurationName = Release;
		};
		3482264A265FE60C0081284B /* Build configuration list for PBXNativeTarget "NBA-app" */ = {
			isa = XCConfigurationList;
			buildConfigurations = (
				3482264B265FE60C0081284B /* Debug */,
				3482264C265FE60C0081284B /* Release */,
			);
			defaultConfigurationIsVisible = 0;
			defaultConfigurationName = Release;
		};
		3482264D265FE60C0081284B /* Build configuration list for PBXNativeTarget "NBA-appTests" */ = {
			isa = XCConfigurationList;
			buildConfigurations = (
				3482264E265FE60C0081284B /* Debug */,
				3482264F265FE60C0081284B /* Release */,
			);
			defaultConfigurationIsVisible = 0;
			defaultConfigurationName = Release;
		};
		34822650265FE60C0081284B /* Build configuration list for PBXNativeTarget "NBA-appUITests" */ = {
			isa = XCConfigurationList;
			buildConfigurations = (
				34822651265FE60C0081284B /* Debug */,
				34822652265FE60C0081284B /* Release */,
			);
			defaultConfigurationIsVisible = 0;
			defaultConfigurationName = Release;
		};
/* End XCConfigurationList section */

/* Begin XCVersionGroup section */
		34707C09265FF31F00F8EA86 /* NBAPlayers.xcdatamodeld */ = {
			isa = XCVersionGroup;
			children = (
				34707C0A265FF31F00F8EA86 /* NBAPlayers.xcdatamodel */,
			);
			currentVersion = 34707C0A265FF31F00F8EA86 /* NBAPlayers.xcdatamodel */;
			path = NBAPlayers.xcdatamodeld;
			sourceTree = "<group>";
			versionGroupType = wrapper.xcdatamodel;
		};
/* End XCVersionGroup section */
	};
	rootObject = 34822618265FE60A0081284B /* Project object */;
}
